
Microsoft Visual Studio Solution File, Format Version 12.00
# Visual Studio Version 16
VisualStudioVersion = 16.0.30907.101
MinimumVisualStudioVersion = 10.0.40219.1
Project("{FAE04EC0-301F-11D3-BF4B-00C04F79EFBC}") = "WindowsFormsApp0425", "WindowsFormsApp0425\WindowsFormsApp0425.csproj", "{E68ECF82-EE1B-482E-A4E2-DC66F89DA055}"
EndProject
Global
	GlobalSection(SolutionConfigurationPlatforms) = preSolution
		Debug|Any CPU = Debug|Any CPU
		Release|Any CPU = Release|Any CPU
	EndGlobalSection
	GlobalSection(ProjectConfigurationPlatforms) = postSolution
		{E68ECF82-EE1B-482E-A4E2-DC66F89DA055}.Debug|Any CPU.ActiveCfg = Debug|Any CPU
		{E68ECF82-EE1B-482E-A4E2-DC66F89DA055}.Debug|Any CPU.Build.0 = Debug|Any CPU
		{E68ECF82-EE1B-482E-A4E2-DC66F89DA055}.Release|Any CPU.ActiveCfg = Release|Any CPU
		{E68ECF82-EE1B-482E-A4E2-DC66F89DA055}.Release|Any CPU.Build.0 = Release|Any CPU
	EndGlobalSection
	GlobalSection(SolutionProperties) = preSolution
		HideSolutionNode = FALSE
	EndGlobalSection
	GlobalSection(ExtensibilityGlobals) = postSolution
		SolutionGuid = {C5AD7779-F4FD-4B1A-B876-57D242F584B9}
	EndGlobalSection
EndGlobal
